
Microsoft Visual Studio Solution File, Format Version 12.00
# Visual Studio 2012
Project("{FAE04EC0-301F-11D3-BF4B-00C04F79EFBC}") = "GEAR", "GEAR\GEAR.csproj", "{9D6498DA-56A9-484E-AAD6-D5E907E4131F}"
EndProject
Global
	GlobalSection(SolutionConfigurationPlatforms) = preSolution
		Debug|iPhoneSimulator = Debug|iPhoneSimulator
		Release|iPhoneSimulator = Release|iPhoneSimulator
		Debug|iPhone = Debug|iPhone
		Release|iPhone = Release|iPhone
		Ad-Hoc|iPhone = Ad-Hoc|iPhone
		AppStore|iPhone = AppStore|iPhone
	EndGlobalSection
	GlobalSection(ProjectConfigurationPlatforms) = postSolution
		{9D6498DA-56A9-484E-AAD6-D5E907E4131F}.Ad-Hoc|iPhone.ActiveCfg = Ad-Hoc|iPhone
		{9D6498DA-56A9-484E-AAD6-D5E907E4131F}.Ad-Hoc|iPhone.Build.0 = Ad-Hoc|iPhone
		{9D6498DA-56A9-484E-AAD6-D5E907E4131F}.AppStore|iPhone.ActiveCfg = AppStore|iPhone
		{9D6498DA-56A9-484E-AAD6-D5E907E4131F}.AppStore|iPhone.Build.0 = AppStore|iPhone
		{9D6498DA-56A9-484E-AAD6-D5E907E4131F}.Debug|iPhone.ActiveCfg = Debug|iPhone
		{9D6498DA-56A9-484E-AAD6-D5E907E4131F}.Debug|iPhone.Build.0 = Debug|iPhone
		{9D6498DA-56A9-484E-AAD6-D5E907E4131F}.Debug|iPhoneSimulator.ActiveCfg = Debug|iPhoneSimulator
		{9D6498DA-56A9-484E-AAD6-D5E907E4131F}.Debug|iPhoneSimulator.Build.0 = Debug|iPhoneSimulator
		{9D6498DA-56A9-484E-AAD6-D5E907E4131F}.Release|iPhone.ActiveCfg = Release|iPhone
		{9D6498DA-56A9-484E-AAD6-D5E907E4131F}.Release|iPhone.Build.0 = Release|iPhone
		{9D6498DA-56A9-484E-AAD6-D5E907E4131F}.Release|iPhoneSimulator.ActiveCfg = Release|iPhoneSimulator
		{9D6498DA-56A9-484E-AAD6-D5E907E4131F}.Release|iPhoneSimulator.Build.0 = Release|iPhoneSimulator
	EndGlobalSection
EndGlobal
